
Microsoft Visual Studio Solution File, Format Version 12.00
# Visual Studio Version 17
VisualStudioVersion = 17.6.33801.468
MinimumVisualStudioVersion = 10.0.40219.1
Project("{9A19103F-16F7-4668-BE54-9A1E7A4F7556}") = "AlgorithmNet", "AlgorithmNet\AlgorithmNet.csproj", "{A5CA1A47-5682-4C00-BA57-C7E02D052754}"
EndProject
Project("{FAE04EC0-301F-11D3-BF4B-00C04F79EFBC}") = "AlgorithmNetTests", "AlgorithmNetTests\AlgorithmNetTests.csproj", "{66A929B0-C7B1-4E7E-A5F8-E705453449D0}"
EndProject
Global
	GlobalSection(SolutionConfigurationPlatforms) = preSolution
		Debug|Any CPU = Debug|Any CPU
		Release|Any CPU = Release|Any CPU
	EndGlobalSection
	GlobalSection(ProjectConfigurationPlatforms) = postSolution
		{A5CA1A47-5682-4C00-BA57-C7E02D052754}.Debug|Any CPU.ActiveCfg = Debug|Any CPU
		{A5CA1A47-5682-4C00-BA57-C7E02D052754}.Debug|Any CPU.Build.0 = Debug|Any CPU
		{A5CA1A47-5682-4C00-BA57-C7E02D052754}.Release|Any CPU.ActiveCfg = Release|Any CPU
		{A5CA1A47-5682-4C00-BA57-C7E02D052754}.Release|Any CPU.Build.0 = Release|Any CPU
		{66A929B0-C7B1-4E7E-A5F8-E705453449D0}.Debug|Any CPU.ActiveCfg = Debug|Any CPU
		{66A929B0-C7B1-4E7E-A5F8-E705453449D0}.Debug|Any CPU.Build.0 = Debug|Any CPU
		{66A929B0-C7B1-4E7E-A5F8-E705453449D0}.Release|Any CPU.ActiveCfg = Release|Any CPU
		{66A929B0-C7B1-4E7E-A5F8-E705453449D0}.Release|Any CPU.Build.0 = Release|Any CPU
	EndGlobalSection
	GlobalSection(SolutionProperties) = preSolution
		HideSolutionNode = FALSE
	EndGlobalSection
	GlobalSection(ExtensibilityGlobals) = postSolution
		SolutionGuid = {F3E3D841-CA3E-4DE9-8E7F-2D79E9FC4EC1}
	EndGlobalSection
EndGlobal
